PODS:
  - FBSnapshotTestCase (2.1.4):
    - FBSnapshotTestCase/SwiftSupport (= 2.1.4)
  - FBSnapshotTestCase/Core (2.1.4)
  - FBSnapshotTestCase/SwiftSupport (2.1.4):
    - FBSnapshotTestCase/Core
  - Nimble (7.0.3)
  - Nimble-Snapshots (6.3.0):
    - Nimble-Snapshots/Core (= 6.3.0)
  - Nimble-Snapshots/Core (6.3.0):
    - FBSnapshotTestCase (~> 2.0)
    - Nimble (~> 7.0)
  - Pastel (0.4.0)
  - Quick (1.2.0)

DEPENDENCIES:
  - FBSnapshotTestCase
  - Nimble (~> 7.0)
  - Nimble-Snapshots (~> 6.3.0)
  - Pastel (from `../`)
  - Quick (~> 1.2)

EXTERNAL SOURCES:
  Pastel:
    :path: ../

SPEC CHECKSUMS:
  FBSnapshotTestCase: 094f9f314decbabe373b87cc339bea235a63e07a
  Nimble: 7f5a9c447a33002645a071bddafbfb24ea70e0ac
  Nimble-Snapshots: f5459b5b091678dc942d03ec4741cacb58ba4a52
  Pastel: b0ccd2e328e41bfcd2f1e569e635287db0fcb85b
  Quick: 58d203b1c5e27fff7229c4c1ae445ad7069a7a08

PODFILE CHECKSUM: f198729f7f6cafa872cc267edd92b44abd9a67e1

COCOAPODS: 1.4.0
